// !$*UTF8*$!
{
	archiveVersion = 1;
	classes = {
	};
	objectVersion = 50;
	objects = {

/* Begin PBXBuildFile section */
		3A8CB757220B325200BDFE40 /* AppDelegate.m in Sources */ = {isa = PBXBuildFile; fileRef = 3A8CB756220B325200BDFE40 /* AppDelegate.m */; };
		3A8CB75A220B325200BDFE40 /* ViewController.m in Sources */ = {isa = PBXBuildFile; fileRef = 3A8CB759220B325200BDFE40 /* ViewController.m */; };
		3A8CB75D220B325200BDFE40 /* Main.storyboard in Resources */ = {isa = PBXBuildFile; fileRef = 3A8CB75B220B325200BDFE40 /* Main.storyboard */; };
		3A8CB75F220B325300BDFE40 /* Assets.xcassets in Resources */ = {isa = PBXBuildFile; fileRef = 3A8CB75E220B325300BDFE40 /* Assets.xcassets */; };
		3A8CB762220B325300BDFE40 /* LaunchScreen.storyboard in Resources */ = {isa = PBXBuildFile; fileRef = 3A8CB760220B325300BDFE40 /* LaunchScreen.storyboard */; };
		3A8CB765220B325300BDFE40 /* main.m in Sources */ = {isa = PBXBuildFile; fileRef = 3A8CB764220B325300BDFE40 /* main.m */; };
		3A8CB76E220B34B100BDFE40 /* ASPDFViewController.m in Sources */ = {isa = PBXBuildFile; fileRef = 3A8CB76D220B34B100BDFE40 /* ASPDFViewController.m */; };
		3A8CB771220B34BA00BDFE40 /* PDFKit.framework in Frameworks */ = {isa = PBXBuildFile; fileRef = 3A8CB770220B34BA00BDFE40 /* PDFKit.framework */; };
		3A8CB773220B375B00BDFE40 /* ASPDFView.xib in Resources */ = {isa = PBXBuildFile; fileRef = 3A8CB772220B375B00BDFE40 /* ASPDFView.xib */; };
		3A8CB776220B3EB100BDFE40 /* sample.pdf in Resources */ = {isa = PBXBuildFile; fileRef = 3A8CB775220B3EB100BDFE40 /* sample.pdf */; };
		3A8CB778220C47E600BDFE40 /* ASPDFAssets.xcassets in Resources */ = {isa = PBXBuildFile; fileRef = 3A8CB777220C47E600BDFE40 /* ASPDFAssets.xcassets */; };
		3A8CB77D220DB2C800BDFE40 /* ASPDFPageControlCell.xib in Resources */ = {isa = PBXBuildFile; fileRef = 3A8CB77C220DB2C800BDFE40 /* ASPDFPageControlCell.xib */; };
		3A8CB780220DB7AC00BDFE40 /* ASPDFPageControlViewCell.m in Sources */ = {isa = PBXBuildFile; fileRef = 3A8CB77F220DB7AC00BDFE40 /* ASPDFPageControlViewCell.m */; };
		8E67885222438CF7008DCA10 /* AppIcon2014.png in Resources */ = {isa = PBXBuildFile; fileRef = 8E67885122438CF6008DCA10 /* AppIcon2014.png */; };
		8E7C3633222D5CD400E70772 /* ASPDFBookmarkToolView.xib in Resources */ = {isa = PBXBuildFile; fileRef = 8E7C3632222D5CD400E70772 /* ASPDFBookmarkToolView.xib */; };
		8E7C3636222D5D4400E70772 /* ASPDFBookmarkToolViewController.m in Sources */ = {isa = PBXBuildFile; fileRef = 8E7C3635222D5D4400E70772 /* ASPDFBookmarkToolViewController.m */; };
		8E7C3639222D666B00E70772 /* ASPDFBookmark.m in Sources */ = {isa = PBXBuildFile; fileRef = 8E7C3638222D666B00E70772 /* ASPDFBookmark.m */; };
		8E89E0F02215CA250064CD54 /* TestView.xib in Resources */ = {isa = PBXBuildFile; fileRef = 8E89E0EF2215CA250064CD54 /* TestView.xib */; };
/* End PBXBuildFile section */

/* Begin PBXFileReference section */
		3A8CB752220B325200BDFE40 /* PDFReader.app */ = {isa = PBXFileReference; explicitFileType = wrapper.application; includeInIndex = 0; path = PDFReader.app; sourceTree = BUILT_PRODUCTS_DIR; };
		3A8CB755220B325200BDFE40 /* AppDelegate.h */ = {isa = PBXFileReference; lastKnownFileType = sourcecode.c.h; path = AppDelegate.h; sourceTree = "<group>"; };
		3A8CB756220B325200BDFE40 /* AppDelegate.m */ = {isa = PBXFileReference; lastKnownFileType = sourcecode.c.objc; path = AppDelegate.m; sourceTree = "<group>"; };
		3A8CB758220B325200BDFE40 /* ViewController.h */ = {isa = PBXFileReference; lastKnownFileType = sourcecode.c.h; path = ViewController.h; sourceTree = "<group>"; };
		3A8CB759220B325200BDFE40 /* ViewController.m */ = {isa = PBXFileReference; lastKnownFileType = sourcecode.c.objc; path = ViewController.m; sourceTree = "<group>"; };
		3A8CB75C220B325200BDFE40 /* Base */ = {isa = PBXFileReference; lastKnownFileType = file.storyboard; name = Base; path = Base.lproj/Main.storyboard; sourceTree = "<group>"; };
		3A8CB75E220B325300BDFE40 /* Assets.xcassets */ = {isa = PBXFileReference; lastKnownFileType = folder.assetcatalog; path = Assets.xcassets; sourceTree = "<group>"; };
		3A8CB761220B325300BDFE40 /* Base */ = {isa = PBXFileReference; lastKnownFileType = file.storyboard; name = Base; path = Base.lproj/LaunchScreen.storyboard; sourceTree = "<group>"; };
		3A8CB763220B325300BDFE40 /* Info.plist */ = {isa = PBXFileReference; lastKnownFileType = text.plist.xml; path = Info.plist; sourceTree = "<group>"; };
		3A8CB764220B325300BDFE40 /* main.m */ = {isa = PBXFileReference; lastKnownFileType = sourcecode.c.objc; path = main.m; sourceTree = "<group>"; };
		3A8CB76C220B34B100BDFE40 /* ASPDFViewController.h */ = {isa = PBXFileReference; lastKnownFileType = sourcecode.c.h; path = ASPDFViewController.h; sourceTree = "<group>"; };
		3A8CB76D220B34B100BDFE40 /* ASPDFViewController.m */ = {isa = PBXFileReference; lastKnownFileType = sourcecode.c.objc; path = ASPDFViewController.m; sourceTree = "<group>"; };
		3A8CB770220B34BA00BDFE40 /* PDFKit.framework */ = {isa = PBXFileReference; lastKnownFileType = wrapper.framework; name = PDFKit.framework; path = System/Library/Frameworks/PDFKit.framework; sourceTree = SDKROOT; };
		3A8CB772220B375B00BDFE40 /* ASPDFView.xib */ = {isa = PBXFileReference; lastKnownFileType = file.xib; path = ASPDFView.xib; sourceTree = "<group>"; };
		3A8CB775220B3EB100BDFE40 /* sample.pdf */ = {isa = PBXFileReference; lastKnownFileType = image.pdf; path = sample.pdf; sourceTree = "<group>"; };
		3A8CB777220C47E600BDFE40 /* ASPDFAssets.xcassets */ = {isa = PBXFileReference; lastKnownFileType = folder.assetcatalog; path = ASPDFAssets.xcassets; sourceTree = "<group>"; };
		3A8CB77C220DB2C800BDFE40 /* ASPDFPageControlCell.xib */ = {isa = PBXFileReference; lastKnownFileType = file.xib; path = ASPDFPageControlCell.xib; sourceTree = "<group>"; };
		3A8CB77E220DB7AC00BDFE40 /* ASPDFPageControlViewCell.h */ = {isa = PBXFileReference; lastKnownFileType = sourcecode.c.h; path = ASPDFPageControlViewCell.h; sourceTree = "<group>"; };
		3A8CB77F220DB7AC00BDFE40 /* ASPDFPageControlViewCell.m */ = {isa = PBXFileReference; lastKnownFileType = sourcecode.c.objc; path = ASPDFPageControlViewCell.m; sourceTree = "<group>"; };
		8E67885122438CF6008DCA10 /* AppIcon2014.png */ = {isa = PBXFileReference; lastKnownFileType = image.png; path = AppIcon2014.png; sourceTree = "<group>"; };
		8E7C3632222D5CD400E70772 /* ASPDFBookmarkToolView.xib */ = {isa = PBXFileReference; lastKnownFileType = file.xib; path = ASPDFBookmarkToolView.xib; sourceTree = "<group>"; };
		8E7C3634222D5D4400E70772 /* ASPDFBookmarkToolViewController.h */ = {isa = PBXFileReference; lastKnownFileType = sourcecode.c.h; path = ASPDFBookmarkToolViewController.h; sourceTree = "<group>"; };
		8E7C3635222D5D4400E70772 /* ASPDFBookmarkToolViewController.m */ = {isa = PBXFileReference; lastKnownFileType = sourcecode.c.objc; path = ASPDFBookmarkToolViewController.m; sourceTree = "<group>"; };
		8E7C3637222D666B00E70772 /* ASPDFBookmark.h */ = {isa = PBXFileReference; lastKnownFileType = sourcecode.c.h; path = ASPDFBookmark.h; sourceTree = "<group>"; };
		8E7C3638222D666B00E70772 /* ASPDFBookmark.m */ = {isa = PBXFileReference; lastKnownFileType = sourcecode.c.objc; path = ASPDFBookmark.m; sourceTree = "<group>"; };
		8E7C3665222ECA0C00E70772 /* README.md */ = {isa = PBXFileReference; lastKnownFileType = net.daringfireball.markdown; path = README.md; sourceTree = "<group>"; };
		8E89E0EF2215CA250064CD54 /* TestView.xib */ = {isa = PBXFileReference; lastKnownFileType = file.xib; path = TestView.xib; sourceTree = "<group>"; };
/* End PBXFileReference section */

/* Begin PBXFrameworksBuildPhase section */
		3A8CB74F220B325200BDFE40 /* Frameworks */ = {
			isa = PBXFrameworksBuildPhase;
			buildActionMask = 2147483647;
			files = (
				3A8CB771220B34BA00BDFE40 /* PDFKit.framework in Frameworks */,
			);
			runOnlyForDeploymentPostprocessing = 0;
		};
/* End PBXFrameworksBuildPhase section */

/* Begin PBXGroup section */
		3A8CB749220B325200BDFE40 = {
			isa = PBXGroup;
			children = (
				8E7C3665222ECA0C00E70772 /* README.md */,
				3A8CB754220B325200BDFE40 /* PDFReader */,
				3A8CB753220B325200BDFE40 /* Products */,
				3A8CB76F220B34BA00BDFE40 /* Frameworks */,
			);
			sourceTree = "<group>";
		};
		3A8CB753220B325200BDFE40 /* Products */ = {
			isa = PBXGroup;
			children = (
				3A8CB752220B325200BDFE40 /* PDFReader.app */,
			);
			name = Products;
			sourceTree = "<group>";
		};
		3A8CB754220B325200BDFE40 /* PDFReader */ = {
			isa = PBXGroup;
			children = (
				8E67885122438CF6008DCA10 /* AppIcon2014.png */,
				3A8CB774220B3EB100BDFE40 /* TestData */,
				3A8CB76B220B349800BDFE40 /* ASPDF */,
				3A8CB755220B325200BDFE40 /* AppDelegate.h */,
				3A8CB756220B325200BDFE40 /* AppDelegate.m */,
				3A8CB758220B325200BDFE40 /* ViewController.h */,
				3A8CB759220B325200BDFE40 /* ViewController.m */,
				3A8CB75B220B325200BDFE40 /* Main.storyboard */,
				3A8CB75E220B325300BDFE40 /* Assets.xcassets */,
				3A8CB760220B325300BDFE40 /* LaunchScreen.storyboard */,
				3A8CB763220B325300BDFE40 /* Info.plist */,
				3A8CB764220B325300BDFE40 /* main.m */,
				8E89E0EF2215CA250064CD54 /* TestView.xib */,
			);
			path = PDFReader;
			sourceTree = "<group>";
		};
		3A8CB76B220B349800BDFE40 /* ASPDF */ = {
			isa = PBXGroup;
			children = (
				8E7C3631222D5C8700E70772 /* BookmarkTool */,
				3A8CB779220C73ED00BDFE40 /* PageControl */,
				3A8CB76C220B34B100BDFE40 /* ASPDFViewController.h */,
				3A8CB76D220B34B100BDFE40 /* ASPDFViewController.m */,
				3A8CB772220B375B00BDFE40 /* ASPDFView.xib */,
				3A8CB777220C47E600BDFE40 /* ASPDFAssets.xcassets */,
			);
			path = ASPDF;
			sourceTree = "<group>";
		};
		3A8CB76F220B34BA00BDFE40 /* Frameworks */ = {
			isa = PBXGroup;
			children = (
				3A8CB770220B34BA00BDFE40 /* PDFKit.framework */,
			);
			name = Frameworks;
			sourceTree = "<group>";
		};
		3A8CB774220B3EB100BDFE40 /* TestData */ = {
			isa = PBXGroup;
			children = (
				3A8CB775220B3EB100BDFE40 /* sample.pdf */,
			);
			path = TestData;
			sourceTree = "<group>";
		};
		3A8CB779220C73ED00BDFE40 /* PageControl */ = {
			isa = PBXGroup;
			children = (
				3A8CB77C220DB2C800BDFE40 /* ASPDFPageControlCell.xib */,
				3A8CB77E220DB7AC00BDFE40 /* ASPDFPageControlViewCell.h */,
				3A8CB77F220DB7AC00BDFE40 /* ASPDFPageControlViewCell.m */,
			);
			path = PageControl;
			sourceTree = "<group>";
		};
		8E7C3631222D5C8700E70772 /* BookmarkTool */ = {
			isa = PBXGroup;
			children = (
				8E7C3632222D5CD400E70772 /* ASPDFBookmarkToolView.xib */,
				8E7C3634222D5D4400E70772 /* ASPDFBookmarkToolViewController.h */,
				8E7C3635222D5D4400E70772 /* ASPDFBookmarkToolViewController.m */,
				8E7C3637222D666B00E70772 /* ASPDFBookmark.h */,
				8E7C3638222D666B00E70772 /* ASPDFBookmark.m */,
			);
			path = BookmarkTool;
			sourceTree = "<group>";
		};
/* End PBXGroup section */

/* Begin PBXNativeTarget section */
		3A8CB751220B325200BDFE40 /* PDFReader */ = {
			isa = PBXNativeTarget;
			buildConfigurationList = 3A8CB768220B325300BDFE40 /* Build configuration list for PBXNativeTarget "PDFReader" */;
			buildPhases = (
				3A8CB74E220B325200BDFE40 /* Sources */,
				3A8CB74F220B325200BDFE40 /* Frameworks */,
				3A8CB750220B325200BDFE40 /* Resources */,
			);
			buildRules = (
			);
			dependencies = (
			);
			name = PDFReader;
			productName = PDFReader;
			productReference = 3A8CB752220B325200BDFE40 /* PDFReader.app */;
			productType = "com.apple.product-type.application";
		};
/* End PBXNativeTarget section */

/* Begin PBXProject section */
		3A8CB74A220B325200BDFE40 /* Project object */ = {
			isa = PBXProject;
			attributes = {
				LastUpgradeCheck = 1010;
				ORGANIZATIONNAME = "SNC-Lavalin Rail & Transit";
				TargetAttributes = {
					3A8CB751220B325200BDFE40 = {
						CreatedOnToolsVersion = 10.1;
					};
				};
			};
			buildConfigurationList = 3A8CB74D220B325200BDFE40 /* Build configuration list for PBXProject "PDFReader" */;
			compatibilityVersion = "Xcode 9.3";
			developmentRegion = en;
			hasScannedForEncodings = 0;
			knownRegions = (
				en,
				Base,
			);
			mainGroup = 3A8CB749220B325200BDFE40;
			productRefGroup = 3A8CB753220B325200BDFE40 /* Products */;
			projectDirPath = "";
			projectRoot = "";
			targets = (
				3A8CB751220B325200BDFE40 /* PDFReader */,
			);
		};
/* End PBXProject section */

/* Begin PBXResourcesBuildPhase section */
		3A8CB750220B325200BDFE40 /* Resources */ = {
			isa = PBXResourcesBuildPhase;
			buildActionMask = 2147483647;
			files = (
				8E89E0F02215CA250064CD54 /* TestView.xib in Resources */,
				3A8CB762220B325300BDFE40 /* LaunchScreen.storyboard in Resources */,
				3A8CB75F220B325300BDFE40 /* Assets.xcassets in Resources */,
				8E67885222438CF7008DCA10 /* AppIcon2014.png in Resources */,
				8E7C3633222D5CD400E70772 /* ASPDFBookmarkToolView.xib in Resources */,
				3A8CB77D220DB2C800BDFE40 /* ASPDFPageControlCell.xib in Resources */,
				3A8CB75D220B325200BDFE40 /* Main.storyboard in Resources */,
				3A8CB778220C47E600BDFE40 /* ASPDFAssets.xcassets in Resources */,
				3A8CB773220B375B00BDFE40 /* ASPDFView.xib in Resources */,
				3A8CB776220B3EB100BDFE40 /* sample.pdf in Resources */,
			);
			runOnlyForDeploymentPostprocessing = 0;
		};
/* End PBXResourcesBuildPhase section */

/* Begin PBXSourcesBuildPhase section */
		3A8CB74E220B325200BDFE40 /* Sources */ = {
			isa = PBXSourcesBuildPhase;
			buildActionMask = 2147483647;
			files = (
				8E7C3639222D666B00E70772 /* ASPDFBookmark.m in Sources */,
				3A8CB75A220B325200BDFE40 /* ViewController.m in Sources */,
				3A8CB76E220B34B100BDFE40 /* ASPDFViewController.m in Sources */,
				3A8CB765220B325300BDFE40 /* main.m in Sources */,
				3A8CB757220B325200BDFE40 /* AppDelegate.m in Sources */,
				3A8CB780220DB7AC00BDFE40 /* ASPDFPageControlViewCell.m in Sources */,
				8E7C3636222D5D4400E70772 /* ASPDFBookmarkToolViewController.m in Sources */,
			);
			runOnlyForDeploymentPostprocessing = 0;
		};
/* End PBXSourcesBuildPhase section */

/* Begin PBXVariantGroup section */
		3A8CB75B220B325200BDFE40 /* Main.storyboard */ = {
			isa = PBXVariantGroup;
			children = (
				3A8CB75C220B325200BDFE40 /* Base */,
			);
			name = Main.storyboard;
			sourceTree = "<group>";
		};
		3A8CB760220B325300BDFE40 /* LaunchScreen.storyboard */ = {
			isa = PBXVariantGroup;
			children = (
				3A8CB761220B325300BDFE40 /* Base */,
			);
			name = LaunchScreen.storyboard;
			sourceTree = "<group>";
		};
/* End PBXVariantGroup section */

/* Begin XCBuildConfiguration section */
		3A8CB766220B325300BDFE40 /* Debug */ = {
			isa = XCBuildConfiguration;
			buildSettings = {
				ALWAYS_SEARCH_USER_PATHS = NO;
				CLANG_ANALYZER_NONNULL = YES;
				CLANG_ANALYZER_NUMBER_OBJECT_CONVERSION = YES_AGGRESSIVE;
				CLANG_CXX_LANGUAGE_STANDARD = "gnu++14";
				CLANG_CXX_LIBRARY = "libc++";
				CLANG_ENABLE_MODULES = YES;
				CLANG_ENABLE_OBJC_ARC = YES;
				CLANG_ENABLE_OBJC_WEAK = YES;
				CLANG_WARN_BLOCK_CAPTURE_AUTORELEASING = YES;
				CLANG_WARN_BOOL_CONVERSION = YES;
				CLANG_WARN_COMMA = YES;
				CLANG_WARN_CONSTANT_CONVERSION = YES;
				CLANG_WARN_DEPRECATED_OBJC_IMPLEMENTATIONS = YES;
				CLANG_WARN_DIRECT_OBJC_ISA_USAGE = YES_ERROR;
				CLANG_WARN_DOCUMENTATION_COMMENTS = YES;
				CLANG_WARN_EMPTY_BODY = YES;
				CLANG_WARN_ENUM_CONVERSION = YES;
				CLANG_WARN_INFINITE_RECURSION = YES;
				CLANG_WARN_INT_CONVERSION = YES;
				CLANG_WARN_NON_LITERAL_NULL_CONVERSION = YES;
				CLANG_WARN_OBJC_IMPLICIT_RETAIN_SELF = YES;
				CLANG_WARN_OBJC_LITERAL_CONVERSION = YES;
				CLANG_WARN_OBJC_ROOT_CLASS = YES_ERROR;
				CLANG_WARN_RANGE_LOOP_ANALYSIS = YES;
				CLANG_WARN_STRICT_PROTOTYPES = YES;
				CLANG_WARN_SUSPICIOUS_MOVE = YES;
				CLANG_WARN_UNGUARDED_AVAILABILITY = YES_AGGRESSIVE;
				CLANG_WARN_UNREACHABLE_CODE = YES;
				CLANG_WARN__DUPLICATE_METHOD_MATCH = YES;
				CODE_SIGN_IDENTITY = "iPhone Developer";
				COPY_PHASE_STRIP = NO;
				DEBUG_INFORMATION_FORMAT = dwarf;
				ENABLE_STRICT_OBJC_MSGSEND = YES;
				ENABLE_TESTABILITY = YES;
				GCC_C_LANGUAGE_STANDARD = gnu11;
				GCC_DYNAMIC_NO_PIC = NO;
				GCC_NO_COMMON_BLOCKS = YES;
				GCC_OPTIMIZATION_LEVEL = 0;
				GCC_PREPROCESSOR_DEFINITIONS = (
					"DEBUG=1",
					"$(inherited)",
				);
				GCC_WARN_64_TO_32_BIT_CONVERSION = YES;
				GCC_WARN_ABOUT_RETURN_TYPE = YES_ERROR;
				GCC_WARN_UNDECLARED_SELECTOR = YES;
				GCC_WARN_UNINITIALIZED_AUTOS = YES_AGGRESSIVE;
				GCC_WARN_UNUSED_FUNCTION = YES;
				GCC_WARN_UNUSED_VARIABLE = YES;
				IPHONEOS_DEPLOYMENT_TARGET = 12.1;
				MTL_ENABLE_DEBUG_INFO = INCLUDE_SOURCE;
				MTL_FAST_MATH = YES;
				ONLY_ACTIVE_ARCH = YES;
				SDKROOT = iphoneos;
			};
			name = Debug;
		};
		3A8CB767220B325300BDFE40 /* Release */ = {
			isa = XCBuildConfiguration;
			buildSettings = {
				ALWAYS_SEARCH_USER_PATHS = NO;
				CLANG_ANALYZER_NONNULL = YES;
				CLANG_ANALYZER_NUMBER_OBJECT_CONVERSION = YES_AGGRESSIVE;
				CLANG_CXX_LANGUAGE_STANDARD = "gnu++14";
				CLANG_CXX_LIBRARY = "libc++";
				CLANG_ENABLE_MODULES = YES;
				CLANG_ENABLE_OBJC_ARC = YES;
				CLANG_ENABLE_OBJC_WEAK = YES;
				CLANG_WARN_BLOCK_CAPTURE_AUTORELEASING = YES;
				CLANG_WARN_BOOL_CONVERSION = YES;
				CLANG_WARN_COMMA = YES;
				CLANG_WARN_CONSTANT_CONVERSION = YES;
				CLANG_WARN_DEPRECATED_OBJC_IMPLEMENTATIONS = YES;
				CLANG_WARN_DIRECT_OBJC_ISA_USAGE = YES_ERROR;
				CLANG_WARN_DOCUMENTATION_COMMENTS = YES;
				CLANG_WARN_EMPTY_BODY = YES;
				CLANG_WARN_ENUM_CONVERSION = YES;
				CLANG_WARN_INFINITE_RECURSION = YES;
				CLANG_WARN_INT_CONVERSION = YES;
				CLANG_WARN_NON_LITERAL_NULL_CONVERSION = YES;
				CLANG_WARN_OBJC_IMPLICIT_RETAIN_SELF = YES;
				CLANG_WARN_OBJC_LITERAL_CONVERSION = YES;
				CLANG_WARN_OBJC_ROOT_CLASS = YES_ERROR;
				CLANG_WARN_RANGE_LOOP_ANALYSIS = YES;
				CLANG_WARN_STRICT_PROTOTYPES = YES;
				CLANG_WARN_SUSPICIOUS_MOVE = YES;
				CLANG_WARN_UNGUARDED_AVAILABILITY = YES_AGGRESSIVE;
				CLANG_WARN_UNREACHABLE_CODE = YES;
				CLANG_WARN__DUPLICATE_METHOD_MATCH = YES;
				CODE_SIGN_IDENTITY = "iPhone Developer";
				COPY_PHASE_STRIP = NO;
				DEBUG_INFORMATION_FORMAT = "dwarf-with-dsym";
				ENABLE_NS_ASSERTIONS = NO;
				ENABLE_STRICT_OBJC_MSGSEND = YES;
				GCC_C_LANGUAGE_STANDARD = gnu11;
				GCC_NO_COMMON_BLOCKS = YES;
				GCC_WARN_64_TO_32_BIT_CONVERSION = YES;
				GCC_WARN_ABOUT_RETURN_TYPE = YES_ERROR;
				GCC_WARN_UNDECLARED_SELECTOR = YES;
				GCC_WARN_UNINITIALIZED_AUTOS = YES_AGGRESSIVE;
				GCC_WARN_UNUSED_FUNCTION = YES;
				GCC_WARN_UNUSED_VARIABLE = YES;
				IPHONEOS_DEPLOYMENT_TARGET = 12.1;
				MTL_ENABLE_DEBUG_INFO = NO;
				MTL_FAST_MATH = YES;
				SDKROOT = iphoneos;
				VALIDATE_PRODUCT = YES;
			};
			name = Release;
		};
		3A8CB769220B325300BDFE40 /* Debug */ = {
			isa = XCBuildConfiguration;
			buildSettings = {
				ASSETCATALOG_COMPILER_APPICON_NAME = AppIcon;
				CODE_SIGN_STYLE = Automatic;
				DEVELOPMENT_TEAM = 3N2585Z2DM;
				INFOPLIST_FILE = PDFReader/Info.plist;
				IPHONEOS_DEPLOYMENT_TARGET = 12.0;
				LD_RUNPATH_SEARCH_PATHS = (
					"$(inherited)",
					"@executable_path/Frameworks",
				);
				PRODUCT_BUNDLE_IDENTIFIER = "com.SNCL-Enterprise.PDFReader";
				PRODUCT_NAME = "$(TARGET_NAME)";
				TARGETED_DEVICE_FAMILY = "1,2";
			};
			name = Debug;
		};
		3A8CB76A220B325300BDFE40 /* Release */ = {
			isa = XCBuildConfiguration;
			buildSettings = {
				ASSETCATALOG_COMPILER_APPICON_NAME = AppIcon;
				CODE_SIGN_STYLE = Automatic;
				DEVELOPMENT_TEAM = 3N2585Z2DM;
				INFOPLIST_FILE = PDFReader/Info.plist;
				IPHONEOS_DEPLOYMENT_TARGET = 12.0;
				LD_RUNPATH_SEARCH_PATHS = (
					"$(inherited)",
					"@executable_path/Frameworks",
				);
				PRODUCT_BUNDLE_IDENTIFIER = "com.SNCL-Enterprise.PDFReader";
				PRODUCT_NAME = "$(TARGET_NAME)";
				TARGETED_DEVICE_FAMILY = "1,2";
			};
			name = Release;
		};
/* End XCBuildConfiguration section */

/* Begin XCConfigurationList section */
		3A8CB74D220B325200BDFE40 /* Build configuration list for PBXProject "PDFReader" */ = {
			isa = XCConfigurationList;
			buildConfigurations = (
				3A8CB766220B325300BDFE40 /* Debug */,
				3A8CB767220B325300BDFE40 /* Release */,
			);
			defaultConfigurationIsVisible = 0;
			defaultConfigurationName = Release;
		};
		3A8CB768220B325300BDFE40 /* Build configuration list for PBXNativeTarget "PDFReader" */ = {
			isa = XCConfigurationList;
			buildConfigurations = (
				3A8CB769220B325300BDFE40 /* Debug */,
				3A8CB76A220B325300BDFE40 /* Release */,
			);
			defaultConfigurationIsVisible = 0;
			defaultConfigurationName = Release;
		};
/* End XCConfigurationList section */
	};
	rootObject = 3A8CB74A220B325200BDFE40 /* Project object */;
}
